// !$*UTF8*$!
{
	archiveVersion = 1;
	classes = {
	};
	objectVersion = 48;
	objects = {

/* Begin PBXBuildFile section */
		F411141520343CBE008A1D54 /* AOPPlane.m in Sources */ = {isa = PBXBuildFile; fileRef = F411141420343CBE008A1D54 /* AOPPlane.m */; };
		F421F6AB2039836200AD6353 /* AOPVirtualObject.m in Sources */ = {isa = PBXBuildFile; fileRef = F421F6AA2039836200AD6353 /* AOPVirtualObject.m */; };
		F48CB1B4202FDC45007CC940 /* AppDelegate.m in Sources */ = {isa = PBXBuildFile; fileRef = F48CB1B3202FDC45007CC940 /* AppDelegate.m */; };
		F48CB1B6202FDC45007CC940 /* art.scnassets in Resources */ = {isa = PBXBuildFile; fileRef = F48CB1B5202FDC45007CC940 /* art.scnassets */; };
		F48CB1B9202FDC45007CC940 /* AOPARHomeViewController.m in Sources */ = {isa = PBXBuildFile; fileRef = F48CB1B8202FDC45007CC940 /* AOPARHomeViewController.m */; };
		F48CB1BC202FDC45007CC940 /* Main.storyboard in Resources */ = {isa = PBXBuildFile; fileRef = F48CB1BA202FDC45007CC940 /* Main.storyboard */; };
		F48CB1BE202FDC45007CC940 /* Assets.xcassets in Resources */ = {isa = PBXBuildFile; fileRef = F48CB1BD202FDC45007CC940 /* Assets.xcassets */; };
		F48CB1C1202FDC45007CC940 /* LaunchScreen.storyboard in Resources */ = {isa = PBXBuildFile; fileRef = F48CB1BF202FDC45007CC940 /* LaunchScreen.storyboard */; };
		F48CB1C4202FDC45007CC940 /* main.m in Sources */ = {isa = PBXBuildFile; fileRef = F48CB1C3202FDC45007CC940 /* main.m */; };
/* End PBXBuildFile section */

/* Begin PBXFileReference section */
		F411141320343CBE008A1D54 /* AOPPlane.h */ = {isa = PBXFileReference; lastKnownFileType = sourcecode.c.h; path = AOPPlane.h; sourceTree = "<group>"; };
		F411141420343CBE008A1D54 /* AOPPlane.m */ = {isa = PBXFileReference; lastKnownFileType = sourcecode.c.objc; path = AOPPlane.m; sourceTree = "<group>"; };
		F421F6A92039836200AD6353 /* AOPVirtualObject.h */ = {isa = PBXFileReference; lastKnownFileType = sourcecode.c.h; path = AOPVirtualObject.h; sourceTree = "<group>"; };
		F421F6AA2039836200AD6353 /* AOPVirtualObject.m */ = {isa = PBXFileReference; lastKnownFileType = sourcecode.c.objc; path = AOPVirtualObject.m; sourceTree = "<group>"; };
		F48CB1AF202FDC45007CC940 /* AOPARDemo.app */ = {isa = PBXFileReference; explicitFileType = wrapper.application; includeInIndex = 0; path = AOPARDemo.app; sourceTree = BUILT_PRODUCTS_DIR; };
		F48CB1B2202FDC45007CC940 /* AppDelegate.h */ = {isa = PBXFileReference; lastKnownFileType = sourcecode.c.h; path = AppDelegate.h; sourceTree = "<group>"; };
		F48CB1B3202FDC45007CC940 /* AppDelegate.m */ = {isa = PBXFileReference; lastKnownFileType = sourcecode.c.objc; path = AppDelegate.m; sourceTree = "<group>"; };
		F48CB1B5202FDC45007CC940 /* art.scnassets */ = {isa = PBXFileReference; lastKnownFileType = wrapper.scnassets; path = art.scnassets; sourceTree = "<group>"; };
		F48CB1B7202FDC45007CC940 /* AOPARHomeViewController.h */ = {isa = PBXFileReference; lastKnownFileType = sourcecode.c.h; path = AOPARHomeViewController.h; sourceTree = "<group>"; };
		F48CB1B8202FDC45007CC940 /* AOPARHomeViewController.m */ = {isa = PBXFileReference; lastKnownFileType = sourcecode.c.objc; path = AOPARHomeViewController.m; sourceTree = "<group>"; };
		F48CB1BB202FDC45007CC940 /* Base */ = {isa = PBXFileReference; lastKnownFileType = file.storyboard; name = Base; path = Base.lproj/Main.storyboard; sourceTree = "<group>"; };
		F48CB1BD202FDC45007CC940 /* Assets.xcassets */ = {isa = PBXFileReference; lastKnownFileType = folder.assetcatalog; path = Assets.xcassets; sourceTree = "<group>"; };
		F48CB1C0202FDC45007CC940 /* Base */ = {isa = PBXFileReference; lastKnownFileType = file.storyboard; name = Base; path = Base.lproj/LaunchScreen.storyboard; sourceTree = "<group>"; };
		F48CB1C2202FDC45007CC940 /* Info.plist */ = {isa = PBXFileReference; lastKnownFileType = text.plist.xml; path = Info.plist; sourceTree = "<group>"; };
		F48CB1C3202FDC45007CC940 /* main.m */ = {isa = PBXFileReference; lastKnownFileType = sourcecode.c.objc; path = main.m; sourceTree = "<group>"; };
/* End PBXFileReference section */

/* Begin PBXFrameworksBuildPhase section */
		F48CB1AC202FDC45007CC940 /* Frameworks */ = {
			isa = PBXFrameworksBuildPhase;
			buildActionMask = 2147483647;
			files = (
			);
			runOnlyForDeploymentPostprocessing = 0;
		};
/* End PBXFrameworksBuildPhase section */

/* Begin PBXGroup section */
		F48CB1A6202FDC45007CC940 = {
			isa = PBXGroup;
			children = (
				F48CB1B1202FDC45007CC940 /* AOPARDemo */,
				F48CB1B0202FDC45007CC940 /* Products */,
			);
			sourceTree = "<group>";
		};
		F48CB1B0202FDC45007CC940 /* Products */ = {
			isa = PBXGroup;
			children = (
				F48CB1AF202FDC45007CC940 /* AOPARDemo.app */,
			);
			name = Products;
			sourceTree = "<group>";
		};
		F48CB1B1202FDC45007CC940 /* AOPARDemo */ = {
			isa = PBXGroup;
			children = (
				F48CB1B2202FDC45007CC940 /* AppDelegate.h */,
				F48CB1B3202FDC45007CC940 /* AppDelegate.m */,
				F48CB1B7202FDC45007CC940 /* AOPARHomeViewController.h */,
				F48CB1B8202FDC45007CC940 /* AOPARHomeViewController.m */,
				F411141320343CBE008A1D54 /* AOPPlane.h */,
				F411141420343CBE008A1D54 /* AOPPlane.m */,
				F421F6A92039836200AD6353 /* AOPVirtualObject.h */,
				F421F6AA2039836200AD6353 /* AOPVirtualObject.m */,
				F48CB1BA202FDC45007CC940 /* Main.storyboard */,
				F48CB1B5202FDC45007CC940 /* art.scnassets */,
				F48CB1BD202FDC45007CC940 /* Assets.xcassets */,
				F48CB1BF202FDC45007CC940 /* LaunchScreen.storyboard */,
				F48CB1C2202FDC45007CC940 /* Info.plist */,
				F48CB1C3202FDC45007CC940 /* main.m */,
			);
			path = AOPARDemo;
			sourceTree = "<group>";
		};
/* End PBXGroup section */

/* Begin PBXNativeTarget section */
		F48CB1AE202FDC45007CC940 /* AOPARDemo */ = {
			isa = PBXNativeTarget;
			buildConfigurationList = F48CB1C7202FDC45007CC940 /* Build configuration list for PBXNativeTarget "AOPARDemo" */;
			buildPhases = (
				F48CB1AB202FDC45007CC940 /* Sources */,
				F48CB1AC202FDC45007CC940 /* Frameworks */,
				F48CB1AD202FDC45007CC940 /* Resources */,
			);
			buildRules = (
			);
			dependencies = (
			);
			name = AOPARDemo;
			productName = AOPARDemo;
			productReference = F48CB1AF202FDC45007CC940 /* AOPARDemo.app */;
			productType = "com.apple.product-type.application";
		};
/* End PBXNativeTarget section */

/* Begin PBXProject section */
		F48CB1A7202FDC45007CC940 /* Project object */ = {
			isa = PBXProject;
			attributes = {
				LastUpgradeCheck = 0920;
				ORGANIZATIONNAME = ArtOfProgramming;
				TargetAttributes = {
					F48CB1AE202FDC45007CC940 = {
						CreatedOnToolsVersion = 9.2;
						ProvisioningStyle = Automatic;
					};
				};
			};
			buildConfigurationList = F48CB1AA202FDC45007CC940 /* Build configuration list for PBXProject "AOPARDemo" */;
			compatibilityVersion = "Xcode 8.0";
			developmentRegion = en;
			hasScannedForEncodings = 0;
			knownRegions = (
				en,
				Base,
			);
			mainGroup = F48CB1A6202FDC45007CC940;
			productRefGroup = F48CB1B0202FDC45007CC940 /* Products */;
			projectDirPath = "";
			projectRoot = "";
			targets = (
				F48CB1AE202FDC45007CC940 /* AOPARDemo */,
			);
		};
/* End PBXProject section */

/* Begin PBXResourcesBuildPhase section */
		F48CB1AD202FDC45007CC940 /* Resources */ = {
			isa = PBXResourcesBuildPhase;
			buildActionMask = 2147483647;
			files = (
				F48CB1B6202FDC45007CC940 /* art.scnassets in Resources */,
				F48CB1C1202FDC45007CC940 /* LaunchScreen.storyboard in Resources */,
				F48CB1BE202FDC45007CC940 /* Assets.xcassets in Resources */,
				F48CB1BC202FDC45007CC940 /* Main.storyboard in Resources */,
			);
			runOnlyForDeploymentPostprocessing = 0;
		};
/* End PBXResourcesBuildPhase section */

/* Begin PBXSourcesBuildPhase section */
		F48CB1AB202FDC45007CC940 /* Sources */ = {
			isa = PBXSourcesBuildPhase;
			buildActionMask = 2147483647;
			files = (
				F48CB1B9202FDC45007CC940 /* AOPARHomeViewController.m in Sources */,
				F411141520343CBE008A1D54 /* AOPPlane.m in Sources */,
				F48CB1C4202FDC45007CC940 /* main.m in Sources */,
				F421F6AB2039836200AD6353 /* AOPVirtualObject.m in Sources */,
				F48CB1B4202FDC45007CC940 /* AppDelegate.m in Sources */,
			);
			runOnlyForDeploymentPostprocessing = 0;
		};
/* End PBXSourcesBuildPhase section */

/* Begin PBXVariantGroup section */
		F48CB1BA202FDC45007CC940 /* Main.storyboard */ = {
			isa = PBXVariantGroup;
			children = (
				F48CB1BB202FDC45007CC940 /* Base */,
			);
			name = Main.storyboard;
			sourceTree = "<group>";
		};
		F48CB1BF202FDC45007CC940 /* LaunchScreen.storyboard */ = {
			isa = PBXVariantGroup;
			children = (
				F48CB1C0202FDC45007CC940 /* Base */,
			);
			name = LaunchScreen.storyboard;
			sourceTree = "<group>";
		};
/* End PBXVariantGroup section */

/* Begin XCBuildConfiguration section */
		F48CB1C5202FDC45007CC940 /* Debug */ = {
			isa = XCBuildConfiguration;
			buildSettings = {
				ALWAYS_SEARCH_USER_PATHS = NO;
				CLANG_ANALYZER_NONNULL = YES;
				CLANG_ANALYZER_NUMBER_OBJECT_CONVERSION = YES_AGGRESSIVE;
				CLANG_CXX_LANGUAGE_STANDARD = "gnu++14";
				CLANG_CXX_LIBRARY = "libc++";
				CLANG_ENABLE_MODULES = YES;
				CLANG_ENABLE_OBJC_ARC = YES;
				CLANG_WARN_BLOCK_CAPTURE_AUTORELEASING = YES;
				CLANG_WARN_BOOL_CONVERSION = YES;
				CLANG_WARN_COMMA = YES;
				CLANG_WARN_CONSTANT_CONVERSION = YES;
				CLANG_WARN_DIRECT_OBJC_ISA_USAGE = YES_ERROR;
				CLANG_WARN_DOCUMENTATION_COMMENTS = YES;
				CLANG_WARN_EMPTY_BODY = YES;
				CLANG_WARN_ENUM_CONVERSION = YES;
				CLANG_WARN_INFINITE_RECURSION = YES;
				CLANG_WARN_INT_CONVERSION = YES;
				CLANG_WARN_NON_LITERAL_NULL_CONVERSION = YES;
				CLANG_WARN_OBJC_LITERAL_CONVERSION = YES;
				CLANG_WARN_OBJC_ROOT_CLASS = YES_ERROR;
				CLANG_WARN_RANGE_LOOP_ANALYSIS = YES;
				CLANG_WARN_STRICT_PROTOTYPES = YES;
				CLANG_WARN_SUSPICIOUS_MOVE = YES;
				CLANG_WARN_UNGUARDED_AVAILABILITY = YES_AGGRESSIVE;
				CLANG_WARN_UNREACHABLE_CODE = YES;
				CLANG_WARN__DUPLICATE_METHOD_MATCH = YES;
				CODE_SIGN_IDENTITY = "iPhone Developer";
				COPY_PHASE_STRIP = NO;
				DEBUG_INFORMATION_FORMAT = dwarf;
				ENABLE_STRICT_OBJC_MSGSEND = YES;
				ENABLE_TESTABILITY = YES;
				GCC_C_LANGUAGE_STANDARD = gnu11;
				GCC_DYNAMIC_NO_PIC = NO;
				GCC_NO_COMMON_BLOCKS = YES;
				GCC_OPTIMIZATION_LEVEL = 0;
				GCC_PREPROCESSOR_DEFINITIONS = (
					"DEBUG=1",
					"$(inherited)",
				);
				GCC_WARN_64_TO_32_BIT_CONVERSION = YES;
				GCC_WARN_ABOUT_RETURN_TYPE = YES_ERROR;
				GCC_WARN_UNDECLARED_SELECTOR = YES;
				GCC_WARN_UNINITIALIZED_AUTOS = YES_AGGRESSIVE;
				GCC_WARN_UNUSED_FUNCTION = YES;
				GCC_WARN_UNUSED_VARIABLE = YES;
				IPHONEOS_DEPLOYMENT_TARGET = 11.2;
				MTL_ENABLE_DEBUG_INFO = YES;
				ONLY_ACTIVE_ARCH = YES;
				SDKROOT = iphoneos;
			};
			name = Debug;
		};
		F48CB1C6202FDC45007CC940 /* Release */ = {
			isa = XCBuildConfiguration;
			buildSettings = {
				ALWAYS_SEARCH_USER_PATHS = NO;
				CLANG_ANALYZER_NONNULL = YES;
				CLANG_ANALYZER_NUMBER_OBJECT_CONVERSION = YES_AGGRESSIVE;
				CLANG_CXX_LANGUAGE_STANDARD = "gnu++14";
				CLANG_CXX_LIBRARY = "libc++";
				CLANG_ENABLE_MODULES = YES;
				CLANG_ENABLE_OBJC_ARC = YES;
				CLANG_WARN_BLOCK_CAPTURE_AUTORELEASING = YES;
				CLANG_WARN_BOOL_CONVERSION = YES;
				CLANG_WARN_COMMA = YES;
				CLANG_WARN_CONSTANT_CONVERSION = YES;
				CLANG_WARN_DIRECT_OBJC_ISA_USAGE = YES_ERROR;
				CLANG_WARN_DOCUMENTATION_COMMENTS = YES;
				CLANG_WARN_EMPTY_BODY = YES;
				CLANG_WARN_ENUM_CONVERSION = YES;
				CLANG_WARN_INFINITE_RECURSION = YES;
				CLANG_WARN_INT_CONVERSION = YES;
				CLANG_WARN_NON_LITERAL_NULL_CONVERSION = YES;
				CLANG_WARN_OBJC_LITERAL_CONVERSION = YES;
				CLANG_WARN_OBJC_ROOT_CLASS = YES_ERROR;
				CLANG_WARN_RANGE_LOOP_ANALYSIS = YES;
				CLANG_WARN_STRICT_PROTOTYPES = YES;
				CLANG_WARN_SUSPICIOUS_MOVE = YES;
				CLANG_WARN_UNGUARDED_AVAILABILITY = YES_AGGRESSIVE;
				CLANG_WARN_UNREACHABLE_CODE = YES;
				CLANG_WARN__DUPLICATE_METHOD_MATCH = YES;
				CODE_SIGN_IDENTITY = "iPhone Developer";
				COPY_PHASE_STRIP = NO;
				DEBUG_INFORMATION_FORMAT = "dwarf-with-dsym";
				ENABLE_NS_ASSERTIONS = NO;
				ENABLE_STRICT_OBJC_MSGSEND = YES;
				GCC_C_LANGUAGE_STANDARD = gnu11;
				GCC_NO_COMMON_BLOCKS = YES;
				GCC_WARN_64_TO_32_BIT_CONVERSION = YES;
				GCC_WARN_ABOUT_RETURN_TYPE = YES_ERROR;
				GCC_WARN_UNDECLARED_SELECTOR = YES;
				GCC_WARN_UNINITIALIZED_AUTOS = YES_AGGRESSIVE;
				GCC_WARN_UNUSED_FUNCTION = YES;
				GCC_WARN_UNUSED_VARIABLE = YES;
				IPHONEOS_DEPLOYMENT_TARGET = 11.2;
				MTL_ENABLE_DEBUG_INFO = NO;
				SDKROOT = iphoneos;
				VALIDATE_PRODUCT = YES;
			};
			name = Release;
		};
		F48CB1C8202FDC45007CC940 /* Debug */ = {
			isa = XCBuildConfiguration;
			buildSettings = {
				ASSETCATALOG_COMPILER_APPICON_NAME = AppIcon;
				CODE_SIGN_STYLE = Automatic;
				DEVELOPMENT_TEAM = CY4PJB3QWY;
				INFOPLIST_FILE = AOPARDemo/Info.plist;
				LD_RUNPATH_SEARCH_PATHS = "$(inherited) @executable_path/Frameworks";
				PRODUCT_BUNDLE_IDENTIFIER = com.AOP.SmartApps.AOPARDemo;
				PRODUCT_NAME = "$(TARGET_NAME)";
				TARGETED_DEVICE_FAMILY = "1,2";
			};
			name = Debug;
		};
		F48CB1C9202FDC45007CC940 /* Release */ = {
			isa = XCBuildConfiguration;
			buildSettings = {
				ASSETCATALOG_COMPILER_APPICON_NAME = AppIcon;
				CODE_SIGN_STYLE = Automatic;
				DEVELOPMENT_TEAM = CY4PJB3QWY;
				INFOPLIST_FILE = AOPARDemo/Info.plist;
				LD_RUNPATH_SEARCH_PATHS = "$(inherited) @executable_path/Frameworks";
				PRODUCT_BUNDLE_IDENTIFIER = com.AOP.SmartApps.AOPARDemo;
				PRODUCT_NAME = "$(TARGET_NAME)";
				TARGETED_DEVICE_FAMILY = "1,2";
			};
			name = Release;
		};
/* End XCBuildConfiguration section */

/* Begin XCConfigurationList section */
		F48CB1AA202FDC45007CC940 /* Build configuration list for PBXProject "AOPARDemo" */ = {
			isa = XCConfigurationList;
			buildConfigurations = (
				F48CB1C5202FDC45007CC940 /* Debug */,
				F48CB1C6202FDC45007CC940 /* Release */,
			);
			defaultConfigurationIsVisible = 0;
			defaultConfigurationName = Release;
		};
		F48CB1C7202FDC45007CC940 /* Build configuration list for PBXNativeTarget "AOPARDemo" */ = {
			isa = XCConfigurationList;
			buildConfigurations = (
				F48CB1C8202FDC45007CC940 /* Debug */,
				F48CB1C9202FDC45007CC940 /* Release */,
			);
			defaultConfigurationIsVisible = 0;
			defaultConfigurationName = Release;
		};
/* End XCConfigurationList section */
	};
	rootObject = F48CB1A7202FDC45007CC940 /* Project object */;
}
